<?xml version="1.0" encoding="utf-8"?>
<Project ToolsVersion="4.0" xmlns="http://schemas.microsoft.com/developer/msbuild/2003">
  <ItemGroup>
    <ClCompile Include="CDDAManager.cpp" />
    <ClCompile Include="Database.cpp" />
    <ClCompile Include="Decoder.cpp" />
    <ClCompile Include="Encoder.cpp" />
    <ClCompile Include="FolderMonitor.cpp" />
    <ClCompile Include="Library.cpp" />
    <ClCompile Include="pch.cpp" />
    <ClCompile Include="Playlist.cpp" />
    <ClCompile Include="Settings.cpp" />
    <ClCompile Include="thirdTestProject.cpp" />
    <ClCompile Include="Utility.cpp" />
    <ClCompile Include="WndTree.cpp" />
  </ItemGroup>
  <ItemGroup>
    <ClInclude Include="CDDAManager.h" />
    <ClInclude Include="Database.h" />
    <ClInclude Include="Decoder.h" />
    <ClInclude Include="Encoder.h" />
    <ClInclude Include="FolderMonitor.h" />
    <ClInclude Include="framework.h" />
    <ClInclude Include="Library.h" />
    <ClInclude Include="pch.h" />
    <ClInclude Include="Playlist.h" />
    <ClInclude Include="Resource.h" />
    <ClInclude Include="Settings.h" />
    <ClInclude Include="targetver.h" />
    <ClInclude Include="thirdTestProject.h" />
    <ClInclude Include="Utility.h" />
    <ClInclude Include="WndTree.h" />
    <ClInclude Include="Tag.h" />
    <ClInclude Include="Handler.h" />
  </ItemGroup>
  <ItemGroup>
    <ResourceCompile Include="thirdTestProject.rc" />
  </ItemGroup>
  <ItemGroup>
    <Image Include="small.ico" />
    <Image Include="thirdTestProject.ico" />
  </ItemGroup>
</Project>